
Microsoft Visual Studio Solution File, Format Version 12.00
# Visual Studio Version 17
VisualStudioVersion = 17.11.35327.3
MinimumVisualStudioVersion = 10.0.40219.1
Project("{8BC9CEB8-8B4A-11D0-8D11-00A0C91BC942}") = "Pj6.4(iter)", "Pj6.4(iter)\Pj6.4(iter).vcxproj", "{7A443BE5-E434-41B2-A337-564388A9F150}"
EndProject
Global
	GlobalSection(SolutionConfigurationPlatforms) = preSolution
		Debug|x64 = Debug|x64
		Debug|x86 = Debug|x86
		Release|x64 = Release|x64
		Release|x86 = Release|x86
	EndGlobalSection
	GlobalSection(ProjectConfigurationPlatforms) = postSolution
		{7A443BE5-E434-41B2-A337-564388A9F150}.Debug|x64.ActiveCfg = Debug|x64
		{7A443BE5-E434-41B2-A337-564388A9F150}.Debug|x64.Build.0 = Debug|x64
		{7A443BE5-E434-41B2-A337-564388A9F150}.Debug|x86.ActiveCfg = Debug|Win32
		{7A443BE5-E434-41B2-A337-564388A9F150}.Debug|x86.Build.0 = Debug|Win32
		{7A443BE5-E434-41B2-A337-564388A9F150}.Release|x64.ActiveCfg = Release|x64
		{7A443BE5-E434-41B2-A337-564388A9F150}.Release|x64.Build.0 = Release|x64
		{7A443BE5-E434-41B2-A337-564388A9F150}.Release|x86.ActiveCfg = Release|Win32
		{7A443BE5-E434-41B2-A337-564388A9F150}.Release|x86.Build.0 = Release|Win32
	EndGlobalSection
	GlobalSection(SolutionProperties) = preSolution
		HideSolutionNode = FALSE
	EndGlobalSection
	GlobalSection(ExtensibilityGlobals) = postSolution
		SolutionGuid = {58D82E4E-DA1C-4D75-BF47-C3ED2B3089F2}
	EndGlobalSection
EndGlobal
